// !$*UTF8*$!
{
	archiveVersion = 1;
	classes = {
	};
	objectVersion = 56;
	objects = {

/* Begin PBXBuildFile section */
		356FE36E2C0DF1F10001527B /* AppDelegate.swift in Sources */ = {isa = PBXBuildFile; fileRef = 356FE36D2C0DF1F10001527B /* AppDelegate.swift */; };
		356FE3722C0DF1F10001527B /* Base in Resources */ = {isa = PBXBuildFile; fileRef = 356FE3712C0DF1F10001527B /* Base */; };
		356FE3742C0DF1F10001527B /* Icon.png in Resources */ = {isa = PBXBuildFile; fileRef = 356FE3732C0DF1F10001527B /* Icon.png */; };
		356FE3762C0DF1F10001527B /* Style.css in Resources */ = {isa = PBXBuildFile; fileRef = 356FE3752C0DF1F10001527B /* Style.css */; };
		356FE3782C0DF1F10001527B /* Script.js in Resources */ = {isa = PBXBuildFile; fileRef = 356FE3772C0DF1F10001527B /* Script.js */; };
		356FE37A2C0DF1F10001527B /* ViewController.swift in Sources */ = {isa = PBXBuildFile; fileRef = 356FE3792C0DF1F10001527B /* ViewController.swift */; };
		356FE37D2C0DF1F10001527B /* Base in Resources */ = {isa = PBXBuildFile; fileRef = 356FE37C2C0DF1F10001527B /* Base */; };
		356FE37F2C0DF1F20001527B /* Assets.xcassets in Resources */ = {isa = PBXBuildFile; fileRef = 356FE37E2C0DF1F20001527B /* Assets.xcassets */; };
		356FE3882C0DF1F30001527B /* HotwireDevTools Extension.appex in Embed Foundation Extensions */ = {isa = PBXBuildFile; fileRef = 356FE3872C0DF1F30001527B /* HotwireDevTools Extension.appex */; settings = {ATTRIBUTES = (RemoveHeadersOnCopy, ); }; };
		356FE38D2C0DF1F30001527B /* SafariWebExtensionHandler.swift in Sources */ = {isa = PBXBuildFile; fileRef = 356FE38C2C0DF1F30001527B /* SafariWebExtensionHandler.swift */; };
		356FE3A02C0DF1F30001527B /* dist in Resources */ = {isa = PBXBuildFile; fileRef = 356FE39A2C0DF1F30001527B /* dist */; };
		356FE3A12C0DF1F30001527B /* images in Resources */ = {isa = PBXBuildFile; fileRef = 356FE39B2C0DF1F30001527B /* images */; };
		356FE3A22C0DF1F30001527B /* popup.html in Resources */ = {isa = PBXBuildFile; fileRef = 356FE39C2C0DF1F30001527B /* popup.html */; };
		356FE3A32C0DF1F30001527B /* styles in Resources */ = {isa = PBXBuildFile; fileRef = 356FE39D2C0DF1F30001527B /* styles */; };
		356FE3A52C0DF1F30001527B /* manifest.json in Resources */ = {isa = PBXBuildFile; fileRef = 356FE39F2C0DF1F30001527B /* manifest.json */; };
/* End PBXBuildFile section */

/* Begin PBXContainerItemProxy section */
		356FE3892C0DF1F30001527B /* PBXContainerItemProxy */ = {
			isa = PBXContainerItemProxy;
			containerPortal = 356FE3622C0DF1F10001527B /* Project object */;
			proxyType = 1;
			remoteGlobalIDString = 356FE3862C0DF1F30001527B;
			remoteInfo = "HotwireDevTools Extension";
		};
/* End PBXContainerItemProxy section */

/* Begin PBXCopyFilesBuildPhase section */
		356FE3952C0DF1F30001527B /* Embed Foundation Extensions */ = {
			isa = PBXCopyFilesBuildPhase;
			buildActionMask = 2147483647;
			dstPath = "";
			dstSubfolderSpec = 13;
			files = (
				356FE3882C0DF1F30001527B /* HotwireDevTools Extension.appex in Embed Foundation Extensions */,
			);
			name = "Embed Foundation Extensions";
			runOnlyForDeploymentPostprocessing = 0;
		};
/* End PBXCopyFilesBuildPhase section */

/* Begin PBXFileReference section */
		356FE36A2C0DF1F10001527B /* HotwireDevTools.app */ = {isa = PBXFileReference; explicitFileType = wrapper.application; includeInIndex = 0; path = HotwireDevTools.app; sourceTree = BUILT_PRODUCTS_DIR; };
		356FE36D2C0DF1F10001527B /* AppDelegate.swift */ = {isa = PBXFileReference; lastKnownFileType = sourcecode.swift; path = AppDelegate.swift; sourceTree = "<group>"; };
		356FE3712C0DF1F10001527B /* Base */ = {isa = PBXFileReference; lastKnownFileType = text.html; name = Base; path = ../Base.lproj/Main.html; sourceTree = "<group>"; };
		356FE3732C0DF1F10001527B /* Icon.png */ = {isa = PBXFileReference; lastKnownFileType = image.png; path = Icon.png; sourceTree = "<group>"; };
		356FE3752C0DF1F10001527B /* Style.css */ = {isa = PBXFileReference; lastKnownFileType = text.css; path = Style.css; sourceTree = "<group>"; };
		356FE3772C0DF1F10001527B /* Script.js */ = {isa = PBXFileReference; lastKnownFileType = sourcecode.javascript; path = Script.js; sourceTree = "<group>"; };
		356FE3792C0DF1F10001527B /* ViewController.swift */ = {isa = PBXFileReference; lastKnownFileType = sourcecode.swift; path = ViewController.swift; sourceTree = "<group>"; };
		356FE37C2C0DF1F10001527B /* Base */ = {isa = PBXFileReference; lastKnownFileType = file.storyboard; name = Base; path = Base.lproj/Main.storyboard; sourceTree = "<group>"; };
		356FE37E2C0DF1F20001527B /* Assets.xcassets */ = {isa = PBXFileReference; lastKnownFileType = folder.assetcatalog; path = Assets.xcassets; sourceTree = "<group>"; };
		356FE3802C0DF1F20001527B /* Info.plist */ = {isa = PBXFileReference; lastKnownFileType = text.plist.xml; path = Info.plist; sourceTree = "<group>"; };
		356FE3812C0DF1F20001527B /* HotwireDevTools.entitlements */ = {isa = PBXFileReference; lastKnownFileType = text.plist.entitlements; path = HotwireDevTools.entitlements; sourceTree = "<group>"; };
		356FE3822C0DF1F20001527B /* HotwireDevTools.entitlements */ = {isa = PBXFileReference; lastKnownFileType = text.plist.entitlements; path = HotwireDevTools.entitlements; sourceTree = "<group>"; };
		356FE3872C0DF1F30001527B /* HotwireDevTools Extension.appex */ = {isa = PBXFileReference; explicitFileType = "wrapper.app-extension"; includeInIndex = 0; path = "HotwireDevTools Extension.appex"; sourceTree = BUILT_PRODUCTS_DIR; };
		356FE38C2C0DF1F30001527B /* SafariWebExtensionHandler.swift */ = {isa = PBXFileReference; lastKnownFileType = sourcecode.swift; path = SafariWebExtensionHandler.swift; sourceTree = "<group>"; };
		356FE38E2C0DF1F30001527B /* Info.plist */ = {isa = PBXFileReference; lastKnownFileType = text.plist.xml; path = Info.plist; sourceTree = "<group>"; };
		356FE38F2C0DF1F30001527B /* HotwireDevTools_Extension.entitlements */ = {isa = PBXFileReference; lastKnownFileType = text.plist.entitlements; path = HotwireDevTools_Extension.entitlements; sourceTree = "<group>"; };
		356FE39A2C0DF1F30001527B /* dist */ = {isa = PBXFileReference; lastKnownFileType = folder; name = dist; path = ../../public/dist; sourceTree = "<group>"; };
		356FE39B2C0DF1F30001527B /* images */ = {isa = PBXFileReference; lastKnownFileType = folder; name = images; path = ../../public/images; sourceTree = "<group>"; };
		356FE39C2C0DF1F30001527B /* popup.html */ = {isa = PBXFileReference; lastKnownFileType = text.html; name = popup.html; path = ../../public/popup.html; sourceTree = "<group>"; };
		356FE39D2C0DF1F30001527B /* styles */ = {isa = PBXFileReference; lastKnownFileType = folder; name = styles; path = ../../public/styles; sourceTree = "<group>"; };
		356FE39F2C0DF1F30001527B /* manifest.json */ = {isa = PBXFileReference; lastKnownFileType = text.json; name = manifest.json; path = ../../public/manifest.json; sourceTree = "<group>"; };
/* End PBXFileReference section */

/* Begin PBXFrameworksBuildPhase section */
		356FE3672C0DF1F10001527B /* Frameworks */ = {
			isa = PBXFrameworksBuildPhase;
			buildActionMask = 2147483647;
			files = (
			);
			runOnlyForDeploymentPostprocessing = 0;
		};
		356FE3842C0DF1F30001527B /* Frameworks */ = {
			isa = PBXFrameworksBuildPhase;
			buildActionMask = 2147483647;
			files = (
			);
			runOnlyForDeploymentPostprocessing = 0;
		};
/* End PBXFrameworksBuildPhase section */

/* Begin PBXGroup section */
		356FE3612C0DF1F10001527B = {
			isa = PBXGroup;
			children = (
				356FE36C2C0DF1F10001527B /* HotwireDevTools */,
				356FE38B2C0DF1F30001527B /* HotwireDevTools Extension */,
				356FE36B2C0DF1F10001527B /* Products */,
			);
			sourceTree = "<group>";
		};
		356FE36B2C0DF1F10001527B /* Products */ = {
			isa = PBXGroup;
			children = (
				356FE36A2C0DF1F10001527B /* HotwireDevTools.app */,
				356FE3872C0DF1F30001527B /* HotwireDevTools Extension.appex */,
			);
			name = Products;
			sourceTree = "<group>";
		};
		356FE36C2C0DF1F10001527B /* HotwireDevTools */ = {
			isa = PBXGroup;
			children = (
				356FE36D2C0DF1F10001527B /* AppDelegate.swift */,
				356FE3792C0DF1F10001527B /* ViewController.swift */,
				356FE37B2C0DF1F10001527B /* Main.storyboard */,
				356FE37E2C0DF1F20001527B /* Assets.xcassets */,
				356FE3802C0DF1F20001527B /* Info.plist */,
				356FE3812C0DF1F20001527B /* HotwireDevTools.entitlements */,
				356FE3822C0DF1F20001527B /* HotwireDevTools.entitlements */,
				356FE36F2C0DF1F10001527B /* Resources */,
			);
			path = HotwireDevTools;
			sourceTree = "<group>";
		};
		356FE36F2C0DF1F10001527B /* Resources */ = {
			isa = PBXGroup;
			children = (
				356FE3702C0DF1F10001527B /* Main.html */,
				356FE3732C0DF1F10001527B /* Icon.png */,
				356FE3752C0DF1F10001527B /* Style.css */,
				356FE3772C0DF1F10001527B /* Script.js */,
			);
			path = Resources;
			sourceTree = "<group>";
		};
		356FE38B2C0DF1F30001527B /* HotwireDevTools Extension */ = {
			isa = PBXGroup;
			children = (
				356FE3992C0DF1F30001527B /* Resources */,
				356FE38C2C0DF1F30001527B /* SafariWebExtensionHandler.swift */,
				356FE38E2C0DF1F30001527B /* Info.plist */,
				356FE38F2C0DF1F30001527B /* HotwireDevTools_Extension.entitlements */,
			);
			path = "HotwireDevTools Extension";
			sourceTree = "<group>";
		};
		356FE3992C0DF1F30001527B /* Resources */ = {
			isa = PBXGroup;
			children = (
				356FE39A2C0DF1F30001527B /* dist */,
				356FE39B2C0DF1F30001527B /* images */,
				356FE39C2C0DF1F30001527B /* popup.html */,
				356FE39D2C0DF1F30001527B /* styles */,
				356FE39F2C0DF1F30001527B /* manifest.json */,
			);
			name = Resources;
			path = "HotwireDevTools Extension";
			sourceTree = SOURCE_ROOT;
		};
/* End PBXGroup section */

/* Begin PBXNativeTarget section */
		356FE3692C0DF1F10001527B /* HotwireDevTools */ = {
			isa = PBXNativeTarget;
			buildConfigurationList = 356FE3962C0DF1F30001527B /* Build configuration list for PBXNativeTarget "HotwireDevTools" */;
			buildPhases = (
				356FE3662C0DF1F10001527B /* Sources */,
				356FE3672C0DF1F10001527B /* Frameworks */,
				356FE3682C0DF1F10001527B /* Resources */,
				356FE3952C0DF1F30001527B /* Embed Foundation Extensions */,
			);
			buildRules = (
			);
			dependencies = (
				356FE38A2C0DF1F30001527B /* PBXTargetDependency */,
			);
			name = HotwireDevTools;
			productName = HotwireDevTools;
			productReference = 356FE36A2C0DF1F10001527B /* HotwireDevTools.app */;
			productType = "com.apple.product-type.application";
		};
		356FE3862C0DF1F30001527B /* HotwireDevTools Extension */ = {
			isa = PBXNativeTarget;
			buildConfigurationList = 356FE3922C0DF1F30001527B /* Build configuration list for PBXNativeTarget "HotwireDevTools Extension" */;
			buildPhases = (
				356FE3832C0DF1F30001527B /* Sources */,
				356FE3842C0DF1F30001527B /* Frameworks */,
				356FE3852C0DF1F30001527B /* Resources */,
			);
			buildRules = (
			);
			dependencies = (
			);
			name = "HotwireDevTools Extension";
			productName = "HotwireDevTools Extension";
			productReference = 356FE3872C0DF1F30001527B /* HotwireDevTools Extension.appex */;
			productType = "com.apple.product-type.app-extension";
		};
/* End PBXNativeTarget section */

/* Begin PBXProject section */
		356FE3622C0DF1F10001527B /* Project object */ = {
			isa = PBXProject;
			attributes = {
				BuildIndependentTargetsInParallel = 1;
				LastSwiftUpdateCheck = 1540;
				LastUpgradeCheck = 1540;
				TargetAttributes = {
					356FE3692C0DF1F10001527B = {
						CreatedOnToolsVersion = 15.4;
					};
					356FE3862C0DF1F30001527B = {
						CreatedOnToolsVersion = 15.4;
					};
				};
			};
			buildConfigurationList = 356FE3652C0DF1F10001527B /* Build configuration list for PBXProject "HotwireDevTools" */;
			compatibilityVersion = "Xcode 14.0";
			developmentRegion = en;
			hasScannedForEncodings = 0;
			knownRegions = (
				en,
				Base,
			);
			mainGroup = 356FE3612C0DF1F10001527B;
			productRefGroup = 356FE36B2C0DF1F10001527B /* Products */;
			projectDirPath = "";
			projectRoot = "";
			targets = (
				356FE3692C0DF1F10001527B /* HotwireDevTools */,
				356FE3862C0DF1F30001527B /* HotwireDevTools Extension */,
			);
		};
/* End PBXProject section */

/* Begin PBXResourcesBuildPhase section */
		356FE3682C0DF1F10001527B /* Resources */ = {
			isa = PBXResourcesBuildPhase;
			buildActionMask = 2147483647;
			files = (
				356FE3742C0DF1F10001527B /* Icon.png in Resources */,
				356FE3782C0DF1F10001527B /* Script.js in Resources */,
				356FE3722C0DF1F10001527B /* Base in Resources */,
				356FE3762C0DF1F10001527B /* Style.css in Resources */,
				356FE37F2C0DF1F20001527B /* Assets.xcassets in Resources */,
				356FE37D2C0DF1F10001527B /* Base in Resources */,
			);
			runOnlyForDeploymentPostprocessing = 0;
		};
		356FE3852C0DF1F30001527B /* Resources */ = {
			isa = PBXResourcesBuildPhase;
			buildActionMask = 2147483647;
			files = (
				356FE3A12C0DF1F30001527B /* images in Resources */,
				356FE3A22C0DF1F30001527B /* popup.html in Resources */,
				356FE3A32C0DF1F30001527B /* styles in Resources */,
				356FE3A52C0DF1F30001527B /* manifest.json in Resources */,
				356FE3A02C0DF1F30001527B /* dist in Resources */,
			);
			runOnlyForDeploymentPostprocessing = 0;
		};
/* End PBXResourcesBuildPhase section */

/* Begin PBXSourcesBuildPhase section */
		356FE3662C0DF1F10001527B /* Sources */ = {
			isa = PBXSourcesBuildPhase;
			buildActionMask = 2147483647;
			files = (
				356FE37A2C0DF1F10001527B /* ViewController.swift in Sources */,
				356FE36E2C0DF1F10001527B /* AppDelegate.swift in Sources */,
			);
			runOnlyForDeploymentPostprocessing = 0;
		};
		356FE3832C0DF1F30001527B /* Sources */ = {
			isa = PBXSourcesBuildPhase;
			buildActionMask = 2147483647;
			files = (
				356FE38D2C0DF1F30001527B /* SafariWebExtensionHandler.swift in Sources */,
			);
			runOnlyForDeploymentPostprocessing = 0;
		};
/* End PBXSourcesBuildPhase section */

/* Begin PBXTargetDependency section */
		356FE38A2C0DF1F30001527B /* PBXTargetDependency */ = {
			isa = PBXTargetDependency;
			target = 356FE3862C0DF1F30001527B /* HotwireDevTools Extension */;
			targetProxy = 356FE3892C0DF1F30001527B /* PBXContainerItemProxy */;
		};
/* End PBXTargetDependency section */

/* Begin PBXVariantGroup section */
		356FE3702C0DF1F10001527B /* Main.html */ = {
			isa = PBXVariantGroup;
			children = (
				356FE3712C0DF1F10001527B /* Base */,
			);
			name = Main.html;
			sourceTree = "<group>";
		};
		356FE37B2C0DF1F10001527B /* Main.storyboard */ = {
			isa = PBXVariantGroup;
			children = (
				356FE37C2C0DF1F10001527B /* Base */,
			);
			name = Main.storyboard;
			sourceTree = "<group>";
		};
/* End PBXVariantGroup section */

/* Begin XCBuildConfiguration section */
		356FE3902C0DF1F30001527B /* Debug */ = {
			isa = XCBuildConfiguration;
			buildSettings = {
				ALWAYS_SEARCH_USER_PATHS = NO;
				ASSETCATALOG_COMPILER_GENERATE_SWIFT_ASSET_SYMBOL_EXTENSIONS = YES;
				CLANG_ANALYZER_NONNULL = YES;
				CLANG_ANALYZER_NUMBER_OBJECT_CONVERSION = YES_AGGRESSIVE;
				CLANG_CXX_LANGUAGE_STANDARD = "gnu++20";
				CLANG_ENABLE_MODULES = YES;
				CLANG_ENABLE_OBJC_ARC = YES;
				CLANG_ENABLE_OBJC_WEAK = YES;
				CLANG_WARN_BLOCK_CAPTURE_AUTORELEASING = YES;
				CLANG_WARN_BOOL_CONVERSION = YES;
				CLANG_WARN_COMMA = YES;
				CLANG_WARN_CONSTANT_CONVERSION = YES;
				CLANG_WARN_DEPRECATED_OBJC_IMPLEMENTATIONS = YES;
				CLANG_WARN_DIRECT_OBJC_ISA_USAGE = YES_ERROR;
				CLANG_WARN_DOCUMENTATION_COMMENTS = YES;
				CLANG_WARN_EMPTY_BODY = YES;
				CLANG_WARN_ENUM_CONVERSION = YES;
				CLANG_WARN_INFINITE_RECURSION = YES;
				CLANG_WARN_INT_CONVERSION = YES;
				CLANG_WARN_NON_LITERAL_NULL_CONVERSION = YES;
				CLANG_WARN_OBJC_IMPLICIT_RETAIN_SELF = YES;
				CLANG_WARN_OBJC_LITERAL_CONVERSION = YES;
				CLANG_WARN_OBJC_ROOT_CLASS = YES_ERROR;
				CLANG_WARN_QUOTED_INCLUDE_IN_FRAMEWORK_HEADER = YES;
				CLANG_WARN_RANGE_LOOP_ANALYSIS = YES;
				CLANG_WARN_STRICT_PROTOTYPES = YES;
				CLANG_WARN_SUSPICIOUS_MOVE = YES;
				CLANG_WARN_UNGUARDED_AVAILABILITY = YES_AGGRESSIVE;
				CLANG_WARN_UNREACHABLE_CODE = YES;
				CLANG_WARN__DUPLICATE_METHOD_MATCH = YES;
				COPY_PHASE_STRIP = NO;
				DEBUG_INFORMATION_FORMAT = dwarf;
				ENABLE_STRICT_OBJC_MSGSEND = YES;
				ENABLE_TESTABILITY = YES;
				ENABLE_USER_SCRIPT_SANDBOXING = YES;
				GCC_C_LANGUAGE_STANDARD = gnu17;
				GCC_DYNAMIC_NO_PIC = NO;
				GCC_NO_COMMON_BLOCKS = YES;
				GCC_OPTIMIZATION_LEVEL = 0;
				GCC_PREPROCESSOR_DEFINITIONS = (
					"DEBUG=1",
					"$(inherited)",
				);
				GCC_WARN_64_TO_32_BIT_CONVERSION = YES;
				GCC_WARN_ABOUT_RETURN_TYPE = YES_ERROR;
				GCC_WARN_UNDECLARED_SELECTOR = YES;
				GCC_WARN_UNINITIALIZED_AUTOS = YES_AGGRESSIVE;
				GCC_WARN_UNUSED_FUNCTION = YES;
				GCC_WARN_UNUSED_VARIABLE = YES;
				LOCALIZATION_PREFERS_STRING_CATALOGS = YES;
				MACOSX_DEPLOYMENT_TARGET = 14.2;
				MTL_ENABLE_DEBUG_INFO = INCLUDE_SOURCE;
				MTL_FAST_MATH = YES;
				ONLY_ACTIVE_ARCH = YES;
				SDKROOT = macosx;
				SWIFT_ACTIVE_COMPILATION_CONDITIONS = "DEBUG $(inherited)";
				SWIFT_OPTIMIZATION_LEVEL = "-Onone";
			};
			name = Debug;
		};
		356FE3912C0DF1F30001527B /* Release */ = {
			isa = XCBuildConfiguration;
			buildSettings = {
				ALWAYS_SEARCH_USER_PATHS = NO;
				ASSETCATALOG_COMPILER_GENERATE_SWIFT_ASSET_SYMBOL_EXTENSIONS = YES;
				CLANG_ANALYZER_NONNULL = YES;
				CLANG_ANALYZER_NUMBER_OBJECT_CONVERSION = YES_AGGRESSIVE;
				CLANG_CXX_LANGUAGE_STANDARD = "gnu++20";
				CLANG_ENABLE_MODULES = YES;
				CLANG_ENABLE_OBJC_ARC = YES;
				CLANG_ENABLE_OBJC_WEAK = YES;
				CLANG_WARN_BLOCK_CAPTURE_AUTORELEASING = YES;
				CLANG_WARN_BOOL_CONVERSION = YES;
				CLANG_WARN_COMMA = YES;
				CLANG_WARN_CONSTANT_CONVERSION = YES;
				CLANG_WARN_DEPRECATED_OBJC_IMPLEMENTATIONS = YES;
				CLANG_WARN_DIRECT_OBJC_ISA_USAGE = YES_ERROR;
				CLANG_WARN_DOCUMENTATION_COMMENTS = YES;
				CLANG_WARN_EMPTY_BODY = YES;
				CLANG_WARN_ENUM_CONVERSION = YES;
				CLANG_WARN_INFINITE_RECURSION = YES;
				CLANG_WARN_INT_CONVERSION = YES;
				CLANG_WARN_NON_LITERAL_NULL_CONVERSION = YES;
				CLANG_WARN_OBJC_IMPLICIT_RETAIN_SELF = YES;
				CLANG_WARN_OBJC_LITERAL_CONVERSION = YES;
				CLANG_WARN_OBJC_ROOT_CLASS = YES_ERROR;
				CLANG_WARN_QUOTED_INCLUDE_IN_FRAMEWORK_HEADER = YES;
				CLANG_WARN_RANGE_LOOP_ANALYSIS = YES;
				CLANG_WARN_STRICT_PROTOTYPES = YES;
				CLANG_WARN_SUSPICIOUS_MOVE = YES;
				CLANG_WARN_UNGUARDED_AVAILABILITY = YES_AGGRESSIVE;
				CLANG_WARN_UNREACHABLE_CODE = YES;
				CLANG_WARN__DUPLICATE_METHOD_MATCH = YES;
				COPY_PHASE_STRIP = NO;
				DEBUG_INFORMATION_FORMAT = "dwarf-with-dsym";
				ENABLE_NS_ASSERTIONS = NO;
				ENABLE_STRICT_OBJC_MSGSEND = YES;
				ENABLE_USER_SCRIPT_SANDBOXING = YES;
				GCC_C_LANGUAGE_STANDARD = gnu17;
				GCC_NO_COMMON_BLOCKS = YES;
				GCC_WARN_64_TO_32_BIT_CONVERSION = YES;
				GCC_WARN_ABOUT_RETURN_TYPE = YES_ERROR;
				GCC_WARN_UNDECLARED_SELECTOR = YES;
				GCC_WARN_UNINITIALIZED_AUTOS = YES_AGGRESSIVE;
				GCC_WARN_UNUSED_FUNCTION = YES;
				GCC_WARN_UNUSED_VARIABLE = YES;
				LOCALIZATION_PREFERS_STRING_CATALOGS = YES;
				MACOSX_DEPLOYMENT_TARGET = 14.2;
				MTL_ENABLE_DEBUG_INFO = NO;
				MTL_FAST_MATH = YES;
				SDKROOT = macosx;
				SWIFT_COMPILATION_MODE = wholemodule;
			};
			name = Release;
		};
		356FE3932C0DF1F30001527B /* Debug */ = {
			isa = XCBuildConfiguration;
			buildSettings = {
				CODE_SIGN_ENTITLEMENTS = "HotwireDevTools Extension/HotwireDevTools_Extension.entitlements";
				CODE_SIGN_STYLE = Automatic;
				CURRENT_PROJECT_VERSION = 1;
				DEVELOPMENT_TEAM = M28LQ2QM5W;
				ENABLE_HARDENED_RUNTIME = YES;
				GENERATE_INFOPLIST_FILE = YES;
				INFOPLIST_FILE = "HotwireDevTools Extension/Info.plist";
				INFOPLIST_KEY_CFBundleDisplayName = "HotwireDevTools Extension";
				INFOPLIST_KEY_NSHumanReadableCopyright = "";
				LD_RUNPATH_SEARCH_PATHS = (
					"$(inherited)",
					"@executable_path/../Frameworks",
					"@executable_path/../../../../Frameworks",
				);
				MACOSX_DEPLOYMENT_TARGET = 10.14;
				MARKETING_VERSION = 0.1.2;
				OTHER_LDFLAGS = (
					"-framework",
					SafariServices,
				);
				PRODUCT_BUNDLE_IDENTIFIER = hotwire.dev.tools.extension;
				PRODUCT_NAME = "$(TARGET_NAME)";
				SKIP_INSTALL = YES;
				SWIFT_EMIT_LOC_STRINGS = YES;
				SWIFT_VERSION = 5.0;
			};
			name = Debug;
		};
		356FE3942C0DF1F30001527B /* Release */ = {
			isa = XCBuildConfiguration;
			buildSettings = {
				CODE_SIGN_ENTITLEMENTS = "HotwireDevTools Extension/HotwireDevTools_Extension.entitlements";
				CODE_SIGN_STYLE = Automatic;
				CURRENT_PROJECT_VERSION = 1;
				DEVELOPMENT_TEAM = M28LQ2QM5W;
				ENABLE_HARDENED_RUNTIME = YES;
				GENERATE_INFOPLIST_FILE = YES;
				INFOPLIST_FILE = "HotwireDevTools Extension/Info.plist";
				INFOPLIST_KEY_CFBundleDisplayName = "HotwireDevTools Extension";
				INFOPLIST_KEY_NSHumanReadableCopyright = "";
				LD_RUNPATH_SEARCH_PATHS = (
					"$(inherited)",
					"@executable_path/../Frameworks",
					"@executable_path/../../../../Frameworks",
				);
				MACOSX_DEPLOYMENT_TARGET = 10.14;
				MARKETING_VERSION = 0.1.2;
				OTHER_LDFLAGS = (
					"-framework",
					SafariServices,
				);
				PRODUCT_BUNDLE_IDENTIFIER = hotwire.dev.tools.extension;
				PRODUCT_NAME = "$(TARGET_NAME)";
				SKIP_INSTALL = YES;
				SWIFT_EMIT_LOC_STRINGS = YES;
				SWIFT_VERSION = 5.0;
			};
			name = Release;
		};
		356FE3972C0DF1F30001527B /* Debug */ = {
			isa = XCBuildConfiguration;
			buildSettings = {
				ALWAYS_EMBED_SWIFT_STANDARD_LIBRARIES = YES;
				ASSETCATALOG_COMPILER_APPICON_NAME = AppIcon;
				ASSETCATALOG_COMPILER_GLOBAL_ACCENT_COLOR_NAME = AccentColor;
				CODE_SIGN_ENTITLEMENTS = HotwireDevTools/HotwireDevTools.entitlements;
				"CODE_SIGN_IDENTITY[sdk=macosx*]" = "Apple Development";
				CODE_SIGN_STYLE = Automatic;
				COMBINE_HIDPI_IMAGES = YES;
				CURRENT_PROJECT_VERSION = 9;
				DEVELOPMENT_TEAM = M28LQ2QM5W;
				ENABLE_HARDENED_RUNTIME = YES;
				GENERATE_INFOPLIST_FILE = YES;
				INFOPLIST_FILE = HotwireDevTools/Info.plist;
				INFOPLIST_KEY_CFBundleDisplayName = HotwireDevTools;
				INFOPLIST_KEY_LSApplicationCategoryType = "public.app-category.developer-tools";
				INFOPLIST_KEY_NSHumanReadableCopyright = "";
				INFOPLIST_KEY_NSMainStoryboardFile = Main;
				INFOPLIST_KEY_NSPrincipalClass = NSApplication;
				LD_RUNPATH_SEARCH_PATHS = (
					"$(inherited)",
					"@executable_path/../Frameworks",
				);
				MACOSX_DEPLOYMENT_TARGET = 10.14;
				MARKETING_VERSION = 0.3.0;
				OTHER_LDFLAGS = (
					"-framework",
					SafariServices,
					"-framework",
					WebKit,
				);
				PRODUCT_BUNDLE_IDENTIFIER = hotwire.dev.tools;
				PRODUCT_NAME = "$(TARGET_NAME)";
				SWIFT_EMIT_LOC_STRINGS = YES;
				SWIFT_VERSION = 5.0;
			};
			name = Debug;
		};
		356FE3982C0DF1F30001527B /* Release */ = {
			isa = XCBuildConfiguration;
			buildSettings = {
				ALWAYS_EMBED_SWIFT_STANDARD_LIBRARIES = YES;
				ASSETCATALOG_COMPILER_APPICON_NAME = AppIcon;
				ASSETCATALOG_COMPILER_GLOBAL_ACCENT_COLOR_NAME = AccentColor;
				CODE_SIGN_ENTITLEMENTS = HotwireDevTools/HotwireDevTools.entitlements;
				"CODE_SIGN_IDENTITY[sdk=macosx*]" = "Apple Development";
				CODE_SIGN_STYLE = Automatic;
				COMBINE_HIDPI_IMAGES = YES;
				CURRENT_PROJECT_VERSION = 9;
				DEVELOPMENT_TEAM = M28LQ2QM5W;
				ENABLE_HARDENED_RUNTIME = YES;
				GENERATE_INFOPLIST_FILE = YES;
				INFOPLIST_FILE = HotwireDevTools/Info.plist;
				INFOPLIST_KEY_CFBundleDisplayName = HotwireDevTools;
				INFOPLIST_KEY_LSApplicationCategoryType = "public.app-category.developer-tools";
				INFOPLIST_KEY_NSHumanReadableCopyright = "";
				INFOPLIST_KEY_NSMainStoryboardFile = Main;
				INFOPLIST_KEY_NSPrincipalClass = NSApplication;
				LD_RUNPATH_SEARCH_PATHS = (
					"$(inherited)",
					"@executable_path/../Frameworks",
				);
				MACOSX_DEPLOYMENT_TARGET = 10.14;
				MARKETING_VERSION = 0.3.0;
				OTHER_LDFLAGS = (
					"-framework",
					SafariServices,
					"-framework",
					WebKit,
				);
				PRODUCT_BUNDLE_IDENTIFIER = hotwire.dev.tools;
				PRODUCT_NAME = "$(TARGET_NAME)";
				SWIFT_EMIT_LOC_STRINGS = YES;
				SWIFT_VERSION = 5.0;
			};
			name = Release;
		};
/* End XCBuildConfiguration section */

/* Begin XCConfigurationList section */
		356FE3652C0DF1F10001527B /* Build configuration list for PBXProject "HotwireDevTools" */ = {
			isa = XCConfigurationList;
			buildConfigurations = (
				356FE3902C0DF1F30001527B /* Debug */,
				356FE3912C0DF1F30001527B /* Release */,
			);
			defaultConfigurationIsVisible = 0;
			defaultConfigurationName = Release;
		};
		356FE3922C0DF1F30001527B /* Build configuration list for PBXNativeTarget "HotwireDevTools Extension" */ = {
			isa = XCConfigurationList;
			buildConfigurations = (
				356FE3932C0DF1F30001527B /* Debug */,
				356FE3942C0DF1F30001527B /* Release */,
			);
			defaultConfigurationIsVisible = 0;
			defaultConfigurationName = Release;
		};
		356FE3962C0DF1F30001527B /* Build configuration list for PBXNativeTarget "HotwireDevTools" */ = {
			isa = XCConfigurationList;
			buildConfigurations = (
				356FE3972C0DF1F30001527B /* Debug */,
				356FE3982C0DF1F30001527B /* Release */,
			);
			defaultConfigurationIsVisible = 0;
			defaultConfigurationName = Release;
		};
/* End XCConfigurationList section */
	};
	rootObject = 356FE3622C0DF1F10001527B /* Project object */;
}
